
Microsoft Visual Studio Solution File, Format Version 12.00
# Visual Studio Version 18
VisualStudioVersion = 18.5.11716.220 stable
MinimumVisualStudioVersion = 10.0.40219.1
Project("{FAE04EC0-301F-11D3-BF4B-00C04F79EFBC}") = "HospitalMedSystem", "HospitalMedSystem.csproj", "{D86825B2-2623-EFBA-C1EB-6B00CD679F19}"
EndProject
Global
	GlobalSection(SolutionConfigurationPlatforms) = preSolution
		Debug|Any CPU = Debug|Any CPU
		Release|Any CPU = Release|Any CPU
	EndGlobalSection
	GlobalSection(ProjectConfigurationPlatforms) = postSolution
		{D86825B2-2623-EFBA-C1EB-6B00CD679F19}.Debug|Any CPU.ActiveCfg = Debug|Any CPU
		{D86825B2-2623-EFBA-C1EB-6B00CD679F19}.Debug|Any CPU.Build.0 = Debug|Any CPU
		{D86825B2-2623-EFBA-C1EB-6B00CD679F19}.Release|Any CPU.ActiveCfg = Release|Any CPU
		{D86825B2-2623-EFBA-C1EB-6B00CD679F19}.Release|Any CPU.Build.0 = Release|Any CPU
	EndGlobalSection
	GlobalSection(SolutionProperties) = preSolution
		HideSolutionNode = FALSE
	EndGlobalSection
	GlobalSection(ExtensibilityGlobals) = postSolution
		SolutionGuid = {6E17200C-099E-43DE-AE64-70D27FA44137}
	EndGlobalSection
EndGlobal
